{
  "name": "shi",
  "version": "0.0.0",
  "dependencies": {
    "underscore": {
      "version": "1.4.0"
    },
    "assert": {
      "version": "0.4.9",
      "dependencies": {
        "util": {
          "version": "0.4.9",
          "dependencies": {
            "events.node": {
              "version": "0.4.9"
            }
          }
        }
      }
    },
    "mocha": {
      "version": "1.5.0",
      "dependencies": {
        "commander": {
          "version": "0.6.1"
        },
        "growl": {
          "version": "1.5.1"
        },
        "jade": {
          "version": "0.26.3",
          "dependencies": {
            "mkdirp": {
              "version": "0.3.0"
            }
          }
        },
        "diff": {
          "version": "1.0.2"
        },
        "debug": {
          "version": "0.7.0"
        },
        "mkdirp": {
          "version": "0.3.3"
        },
        "ms": {
          "version": "0.3.0"
        }
      }
    }
  }
}
